
Microsoft Visual Studio Solution File, Format Version 12.00
# Visual Studio 14
VisualStudioVersion = 14.0.25420.1
MinimumVisualStudioVersion = 10.0.40219.1
Project("{888888A0-9F3D-457C-B088-3A5042F75D52}") = "FlaskWebProject1", "FlaskWebProject1\FlaskWebProject1.pyproj", "{D8676FB3-7776-416A-B7FF-AA1C2F436D61}"
EndProject
Project("{FAE04EC0-301F-11D3-BF4B-00C04F79EFBC}") = "ConsoleApplication1", "ConsoleApplication1\ConsoleApplication1.csproj", "{2912045B-F454-43AD-853B-76CAF6294B06}"
EndProject
Global
	GlobalSection(SolutionConfigurationPlatforms) = preSolution
		Debug|Any CPU = Debug|Any CPU
		Release|Any CPU = Release|Any CPU
	EndGlobalSection
	GlobalSection(ProjectConfigurationPlatforms) = postSolution
		{D8676FB3-7776-416A-B7FF-AA1C2F436D61}.Debug|Any CPU.ActiveCfg = Debug|Any CPU
		{D8676FB3-7776-416A-B7FF-AA1C2F436D61}.Debug|Any CPU.Build.0 = Debug|Any CPU
		{D8676FB3-7776-416A-B7FF-AA1C2F436D61}.Release|Any CPU.ActiveCfg = Release|Any CPU
		{D8676FB3-7776-416A-B7FF-AA1C2F436D61}.Release|Any CPU.Build.0 = Release|Any CPU
		{2912045B-F454-43AD-853B-76CAF6294B06}.Debug|Any CPU.ActiveCfg = Debug|Any CPU
		{2912045B-F454-43AD-853B-76CAF6294B06}.Debug|Any CPU.Build.0 = Debug|Any CPU
		{2912045B-F454-43AD-853B-76CAF6294B06}.Release|Any CPU.ActiveCfg = Release|Any CPU
		{2912045B-F454-43AD-853B-76CAF6294B06}.Release|Any CPU.Build.0 = Release|Any CPU
	EndGlobalSection
	GlobalSection(SolutionProperties) = preSolution
		HideSolutionNode = FALSE
	EndGlobalSection
EndGlobal
